
Microsoft Visual Studio Solution File, Format Version 12.00
# Visual Studio 15
VisualStudioVersion = 15.0.27130.2027
MinimumVisualStudioVersion = 10.0.40219.1
Project("{FAE04EC0-301F-11D3-BF4B-00C04F79EFBC}") = "Task_1_Viacheslav_Akulov", "Task_1_Viacheslav_Akulov\Task_1_Viacheslav_Akulov.csproj", "{53EAD2E3-1D96-4A04-B37D-3A1832DFC4FA}"
EndProject
Project("{FAE04EC0-301F-11D3-BF4B-00C04F79EFBC}") = "DAL", "DAL\DAL.csproj", "{8837C164-1081-416B-9679-C783B189CA65}"
EndProject
Project("{FAE04EC0-301F-11D3-BF4B-00C04F79EFBC}") = "Models", "Models\Models.csproj", "{6411824F-DE57-49BB-BECE-0061D9DF34D6}"
EndProject
Project("{FAE04EC0-301F-11D3-BF4B-00C04F79EFBC}") = "BLL", "BLL\BLL.csproj", "{68921AB0-86D5-4AD5-9BA4-3B746F81B636}"
EndProject
Project("{FAE04EC0-301F-11D3-BF4B-00C04F79EFBC}") = "BLL.Tests", "BLL.Tests1\BLL.Tests.csproj", "{9D785E31-CC3C-4A3F-BF2D-E6B95ABD9E74}"
EndProject
Project("{FAE04EC0-301F-11D3-BF4B-00C04F79EFBC}") = "Task_1_Viacheslav_Akulov.Tests", "Task_1_Viacheslav_Akulov.Tests\Task_1_Viacheslav_Akulov.Tests.csproj", "{2A8B5384-1A61-4F69-BC28-086F15587344}"
EndProject
Global
	GlobalSection(SolutionConfigurationPlatforms) = preSolution
		Debug|Any CPU = Debug|Any CPU
		Release|Any CPU = Release|Any CPU
	EndGlobalSection
	GlobalSection(ProjectConfigurationPlatforms) = postSolution
		{53EAD2E3-1D96-4A04-B37D-3A1832DFC4FA}.Debug|Any CPU.ActiveCfg = Debug|Any CPU
		{53EAD2E3-1D96-4A04-B37D-3A1832DFC4FA}.Debug|Any CPU.Build.0 = Debug|Any CPU
		{53EAD2E3-1D96-4A04-B37D-3A1832DFC4FA}.Release|Any CPU.ActiveCfg = Release|Any CPU
		{53EAD2E3-1D96-4A04-B37D-3A1832DFC4FA}.Release|Any CPU.Build.0 = Release|Any CPU
		{8837C164-1081-416B-9679-C783B189CA65}.Debug|Any CPU.ActiveCfg = Debug|Any CPU
		{8837C164-1081-416B-9679-C783B189CA65}.Debug|Any CPU.Build.0 = Debug|Any CPU
		{8837C164-1081-416B-9679-C783B189CA65}.Release|Any CPU.ActiveCfg = Release|Any CPU
		{8837C164-1081-416B-9679-C783B189CA65}.Release|Any CPU.Build.0 = Release|Any CPU
		{6411824F-DE57-49BB-BECE-0061D9DF34D6}.Debug|Any CPU.ActiveCfg = Debug|Any CPU
		{6411824F-DE57-49BB-BECE-0061D9DF34D6}.Debug|Any CPU.Build.0 = Debug|Any CPU
		{6411824F-DE57-49BB-BECE-0061D9DF34D6}.Release|Any CPU.ActiveCfg = Release|Any CPU
		{6411824F-DE57-49BB-BECE-0061D9DF34D6}.Release|Any CPU.Build.0 = Release|Any CPU
		{68921AB0-86D5-4AD5-9BA4-3B746F81B636}.Debug|Any CPU.ActiveCfg = Debug|Any CPU
		{68921AB0-86D5-4AD5-9BA4-3B746F81B636}.Debug|Any CPU.Build.0 = Debug|Any CPU
		{68921AB0-86D5-4AD5-9BA4-3B746F81B636}.Release|Any CPU.ActiveCfg = Release|Any CPU
		{68921AB0-86D5-4AD5-9BA4-3B746F81B636}.Release|Any CPU.Build.0 = Release|Any CPU
		{9D785E31-CC3C-4A3F-BF2D-E6B95ABD9E74}.Debug|Any CPU.ActiveCfg = Debug|Any CPU
		{9D785E31-CC3C-4A3F-BF2D-E6B95ABD9E74}.Debug|Any CPU.Build.0 = Debug|Any CPU
		{9D785E31-CC3C-4A3F-BF2D-E6B95ABD9E74}.Release|Any CPU.ActiveCfg = Release|Any CPU
		{9D785E31-CC3C-4A3F-BF2D-E6B95ABD9E74}.Release|Any CPU.Build.0 = Release|Any CPU
		{2A8B5384-1A61-4F69-BC28-086F15587344}.Debug|Any CPU.ActiveCfg = Debug|Any CPU
		{2A8B5384-1A61-4F69-BC28-086F15587344}.Debug|Any CPU.Build.0 = Debug|Any CPU
		{2A8B5384-1A61-4F69-BC28-086F15587344}.Release|Any CPU.ActiveCfg = Release|Any CPU
		{2A8B5384-1A61-4F69-BC28-086F15587344}.Release|Any CPU.Build.0 = Release|Any CPU
	EndGlobalSection
	GlobalSection(SolutionProperties) = preSolution
		HideSolutionNode = FALSE
	EndGlobalSection
	GlobalSection(ExtensibilityGlobals) = postSolution
		SolutionGuid = {C2E956B6-A01D-4825-98C3-DAFF57007B56}
	EndGlobalSection
EndGlobal
